
Microsoft Visual Studio Solution File, Format Version 12.00
# Visual Studio 15
VisualStudioVersion = 15.0.28307.1738
MinimumVisualStudioVersion = 10.0.40219.1
Project("{FAE04EC0-301F-11D3-BF4B-00C04F79EFBC}") = "TupleAlgebraTests", "TupleAlgebraTests\TupleAlgebraTests.csproj", "{8F823E5B-5060-4251-9BA8-8080EB25035D}"
EndProject
Project("{FAE04EC0-301F-11D3-BF4B-00C04F79EFBC}") = "TupleAlgebraClassLib", "TupleAlgebraClassLib\TupleAlgebraClassLib.csproj", "{A033221B-03D9-4BEA-B445-53E3B428AD06}"
EndProject
Global
	GlobalSection(SolutionConfigurationPlatforms) = preSolution
		Debug|Any CPU = Debug|Any CPU
		Release|Any CPU = Release|Any CPU
	EndGlobalSection
	GlobalSection(ProjectConfigurationPlatforms) = postSolution
		{8F823E5B-5060-4251-9BA8-8080EB25035D}.Debug|Any CPU.ActiveCfg = Debug|Any CPU
		{8F823E5B-5060-4251-9BA8-8080EB25035D}.Debug|Any CPU.Build.0 = Debug|Any CPU
		{8F823E5B-5060-4251-9BA8-8080EB25035D}.Release|Any CPU.ActiveCfg = Release|Any CPU
		{8F823E5B-5060-4251-9BA8-8080EB25035D}.Release|Any CPU.Build.0 = Release|Any CPU
		{A033221B-03D9-4BEA-B445-53E3B428AD06}.Debug|Any CPU.ActiveCfg = Debug|Any CPU
		{A033221B-03D9-4BEA-B445-53E3B428AD06}.Debug|Any CPU.Build.0 = Debug|Any CPU
		{A033221B-03D9-4BEA-B445-53E3B428AD06}.Release|Any CPU.ActiveCfg = Release|Any CPU
		{A033221B-03D9-4BEA-B445-53E3B428AD06}.Release|Any CPU.Build.0 = Release|Any CPU
	EndGlobalSection
	GlobalSection(SolutionProperties) = preSolution
		HideSolutionNode = FALSE
	EndGlobalSection
	GlobalSection(ExtensibilityGlobals) = postSolution
		SolutionGuid = {85E6D5B4-4730-48BF-B23A-B96CF81E7EB6}
	EndGlobalSection
EndGlobal
